
Microsoft Visual Studio Solution File, Format Version 12.00
# Visual Studio Version 16
VisualStudioVersion = 16.0.30907.101
MinimumVisualStudioVersion = 10.0.40219.1
Project("{FAE04EC0-301F-11D3-BF4B-00C04F79EFBC}") = "Client", "Client\Client.csproj", "{852AFCFB-C8F8-42CF-814F-F76037B5FB24}"
EndProject
Project("{FAE04EC0-301F-11D3-BF4B-00C04F79EFBC}") = "Server", "Server\Server.csproj", "{8D460FAA-79EB-471C-96CE-BB69B65628C5}"
EndProject
Global
	GlobalSection(SolutionConfigurationPlatforms) = preSolution
		Debug|Any CPU = Debug|Any CPU
		Release|Any CPU = Release|Any CPU
	EndGlobalSection
	GlobalSection(ProjectConfigurationPlatforms) = postSolution
		{852AFCFB-C8F8-42CF-814F-F76037B5FB24}.Debug|Any CPU.ActiveCfg = Debug|Any CPU
		{852AFCFB-C8F8-42CF-814F-F76037B5FB24}.Debug|Any CPU.Build.0 = Debug|Any CPU
		{852AFCFB-C8F8-42CF-814F-F76037B5FB24}.Release|Any CPU.ActiveCfg = Release|Any CPU
		{852AFCFB-C8F8-42CF-814F-F76037B5FB24}.Release|Any CPU.Build.0 = Release|Any CPU
		{8D460FAA-79EB-471C-96CE-BB69B65628C5}.Debug|Any CPU.ActiveCfg = Debug|Any CPU
		{8D460FAA-79EB-471C-96CE-BB69B65628C5}.Debug|Any CPU.Build.0 = Debug|Any CPU
		{8D460FAA-79EB-471C-96CE-BB69B65628C5}.Release|Any CPU.ActiveCfg = Release|Any CPU
		{8D460FAA-79EB-471C-96CE-BB69B65628C5}.Release|Any CPU.Build.0 = Release|Any CPU
	EndGlobalSection
	GlobalSection(SolutionProperties) = preSolution
		HideSolutionNode = FALSE
	EndGlobalSection
	GlobalSection(ExtensibilityGlobals) = postSolution
		SolutionGuid = {2B224C70-6213-4967-8553-699A015A563B}
	EndGlobalSection
EndGlobal
